
Microsoft Visual Studio Solution File, Format Version 12.00
# Visual Studio Version 16
VisualStudioVersion = 16.0.29926.136
MinimumVisualStudioVersion = 10.0.40219.1
Project("{FAE04EC0-301F-11D3-BF4B-00C04F79EFBC}") = "HelloWorldWithGit", "HelloWorldWithGit\HelloWorldWithGit.csproj", "{57BFDA2E-084F-4880-86FA-98A45C563E8A}"
EndProject
Global
	GlobalSection(SolutionConfigurationPlatforms) = preSolution
		Debug|Any CPU = Debug|Any CPU
		Release|Any CPU = Release|Any CPU
	EndGlobalSection
	GlobalSection(ProjectConfigurationPlatforms) = postSolution
		{57BFDA2E-084F-4880-86FA-98A45C563E8A}.Debug|Any CPU.ActiveCfg = Debug|Any CPU
		{57BFDA2E-084F-4880-86FA-98A45C563E8A}.Debug|Any CPU.Build.0 = Debug|Any CPU
		{57BFDA2E-084F-4880-86FA-98A45C563E8A}.Release|Any CPU.ActiveCfg = Release|Any CPU
		{57BFDA2E-084F-4880-86FA-98A45C563E8A}.Release|Any CPU.Build.0 = Release|Any CPU
	EndGlobalSection
	GlobalSection(SolutionProperties) = preSolution
		HideSolutionNode = FALSE
	EndGlobalSection
	GlobalSection(ExtensibilityGlobals) = postSolution
		SolutionGuid = {44E6CEE6-E0A7-4C51-96C3-1782F8B4C97E}
	EndGlobalSection
EndGlobal
